<?xml version="1.0" encoding="utf-8"?>
<Project ToolsVersion="4.0" xmlns="http://schemas.microsoft.com/developer/msbuild/2003">
  <ItemGroup>
    <Filter Include="Source Files">
      <UniqueIdentifier>{4FC737F1-C7A5-4376-A066-2A32D752A2FF}</UniqueIdentifier>
      <Extensions>cpp;c;cc;cxx;def;odl;idl;hpj;bat;asm;asmx</Extensions>
    </Filter>
    <Filter Include="Header Files">
      <UniqueIdentifier>{93995380-89BD-4b04-88EB-625FBE52EBFB}</UniqueIdentifier>
      <Extensions>h;hh;hpp;hxx;hm;inl;inc;xsd</Extensions>
    </Filter>
    <Filter Include="Resource Files">
      <UniqueIdentifier>{67DA6AB6-F800-4c08-8B7A-83BB121AAD01}</UniqueIdentifier>
      <Extensions>rc;ico;cur;bmp;dlg;rc2;rct;bin;rgs;gif;jpg;jpeg;jpe;resx;tiff;tif;png;wav;mfcribbon-ms</Extensions>
    </Filter>
    <Filter Include="Header Files\Engine">
      <UniqueIdentifier>{118d87fa-a522-49fb-a83f-620f074be127}</UniqueIdentifier>
    </Filter>
    <Filter Include="Source Files\Engine">
      <UniqueIdentifier>{af5a0928-c74e-419c-9096-88d74a402e60}</UniqueIdentifier>
    </Filter>
    <Filter Include="Source Files\G1Game">
      <UniqueIdentifier>{268b4cf0-adf0-4b28-bad2-007799a63edc}</UniqueIdentifier>
    </Filter>
    <Filter Include="Header Files\G1Game">
      <UniqueIdentifier>{8e37ba86-e50a-4d7f-a48c-4c30e8e31969}</UniqueIdentifier>
    </Filter>
    <Filter Include="Header Files\Engine\Func">
      <UniqueIdentifier>{8d0e8208-626f-4cfa-ba74-3302a0b12bc0}</UniqueIdentifier>
    </Filter>
    <Filter Include="Source Files\Engine\Func">
      <UniqueIdentifier>{a5561984-3ff3-4130-b743-daac9d1233e1}</UniqueIdentifier>
    </Filter>
    <Filter Include="Source Files\Engine\Components">
      <UniqueIdentifier>{e57a7de7-9b98-4be4-94dd-cd673527f7e9}</UniqueIdentifier>
    </Filter>
    <Filter Include="Header Files\Engine\Components">
      <UniqueIdentifier>{8b2de7d8-10a6-4e6f-80a1-18bc134411a2}</UniqueIdentifier>
    </Filter>
    <Filter Include="Header Files\Engine\Physics">
      <UniqueIdentifier>{b8222c37-7a50-4e37-8417-cdc906e8385c}</UniqueIdentifier>
    </Filter>
    <Filter Include="Source Files\Engine\Physics">
      <UniqueIdentifier>{bffdac88-a3dc-40a4-9d94-164315ab494f}</UniqueIdentifier>
    </Filter>
    <Filter Include="Source Files\Engine\Object">
      <UniqueIdentifier>{cda52278-316a-4562-a43d-8f41b79cc774}</UniqueIdentifier>
    </Filter>
    <Filter Include="Header Files\Engine\Object">
      <UniqueIdentifier>{1c83f6fb-d955-4939-887c-6f4ed04b1991}</UniqueIdentifier>
    </Filter>
    <Filter Include="Source Files\Engine\Object\Spawnamble">
      <UniqueIdentifier>{ddc0b417-0e86-4489-b335-458cfca6f0c9}</UniqueIdentifier>
    </Filter>
    <Filter Include="Header Files\Engine\Object\Spawnable">
      <UniqueIdentifier>{9d6d7263-4727-4d6e-a2dd-ff323bffa302}</UniqueIdentifier>
    </Filter>
    <Filter Include="Header Files\Engine\Func\Transform">
      <UniqueIdentifier>{16a89ecd-a08f-4fe3-9041-692acf42bf5c}</UniqueIdentifier>
    </Filter>
    <Filter Include="Header Files\Engine\Debug">
      <UniqueIdentifier>{e494ca76-c7fb-46e2-83c2-b185cdc67382}</UniqueIdentifier>
    </Filter>
    <Filter Include="Source Files\Engine\Debug">
      <UniqueIdentifier>{402ad369-2719-4b88-aed4-b06f9c6b56ff}</UniqueIdentifier>
    </Filter>
  </ItemGroup>
  <ItemGroup>
    <ClCompile Include="Engine.cpp">
      <Filter>Source Files\Engine</Filter>
    </ClCompile>
    <ClCompile Include="GameMap.cpp">
      <Filter>Source Files\Engine</Filter>
    </ClCompile>
    <ClCompile Include="main.cpp">
      <Filter>Source Files</Filter>
    </ClCompile>
    <ClCompile Include="MojaPostac.cpp">
      <Filter>Source Files\G1Game</Filter>
    </ClCompile>
    <ClCompile Include="Map001.cpp">
      <Filter>Source Files\G1Game</Filter>
    </ClCompile>
    <ClCompile Include="ControlInput.cpp">
      <Filter>Source Files\Engine</Filter>
    </ClCompile>
    <ClCompile Include="Bullet.cpp">
      <Filter>Source Files\G1Game</Filter>
    </ClCompile>
    <ClCompile Include="Wall.cpp">
      <Filter>Source Files\G1Game</Filter>
    </ClCompile>
    <ClCompile Include="MathFunctions.cpp">
      <Filter>Source Files\Engine\Func</Filter>
    </ClCompile>
    <ClCompile Include="Przeciwnik1.cpp">
      <Filter>Source Files\G1Game</Filter>
    </ClCompile>
    <ClCompile Include="Turret.cpp">
      <Filter>Source Files\G1Game</Filter>
    </ClCompile>
    <ClCompile Include="Mesh.cpp">
      <Filter>Source Files\Engine\Components</Filter>
    </ClCompile>
    <ClCompile Include="SimpleShape.cpp">
      <Filter>Source Files\Engine\Components</Filter>
    </ClCompile>
    <ClCompile Include="Component.cpp">
      <Filter>Source Files\Engine\Components</Filter>
    </ClCompile>
    <ClCompile Include="Vector2D.cpp">
      <Filter>Source Files\Engine\Func</Filter>
    </ClCompile>
    <ClCompile Include="Collision.cpp">
      <Filter>Source Files\Engine\Physics</Filter>
    </ClCompile>
    <ClCompile Include="Properties.cpp">
      <Filter>Source Files\Engine</Filter>
    </ClCompile>
    <ClCompile Include="MapManager.cpp">
      <Filter>Source Files\Engine</Filter>
    </ClCompile>
    <ClCompile Include="PhysicsHandle.cpp">
      <Filter>Source Files\Engine\Physics</Filter>
    </ClCompile>
    <ClCompile Include="GameObject.cpp">
      <Filter>Source Files\Engine\Object</Filter>
    </ClCompile>
    <ClCompile Include="Actor.cpp">
      <Filter>Source Files\Engine\Object\Spawnamble</Filter>
    </ClCompile>
    <ClCompile Include="Object.cpp">
      <Filter>Source Files\Engine\Object</Filter>
    </ClCompile>
    <ClCompile Include="Physics.cpp">
      <Filter>Source Files\Engine\Physics</Filter>
    </ClCompile>
    <ClCompile Include="Debug.cpp">
      <Filter>Source Files\Engine\Debug</Filter>
    </ClCompile>
  </ItemGroup>
  <ItemGroup>
    <ClInclude Include="Engine.h">
      <Filter>Header Files\Engine</Filter>
    </ClInclude>
    <ClInclude Include="GameMap.h">
      <Filter>Header Files\Engine</Filter>
    </ClInclude>
    <ClInclude Include="MojaPostac.h">
      <Filter>Header Files\G1Game</Filter>
    </ClInclude>
    <ClInclude Include="Map001.h">
      <Filter>Header Files\G1Game</Filter>
    </ClInclude>
    <ClInclude Include="ControlInput.h">
      <Filter>Header Files\Engine</Filter>
    </ClInclude>
    <ClInclude Include="Bullet.h">
      <Filter>Header Files\G1Game</Filter>
    </ClInclude>
    <ClInclude Include="Wall.h">
      <Filter>Header Files\G1Game</Filter>
    </ClInclude>
    <ClInclude Include="MathFunctions.h">
      <Filter>Header Files\Engine\Func</Filter>
    </ClInclude>
    <ClInclude Include="Przeciwnik1.h">
      <Filter>Header Files\G1Game</Filter>
    </ClInclude>
    <ClInclude Include="Turret.h">
      <Filter>Header Files\G1Game</Filter>
    </ClInclude>
    <ClInclude Include="Mesh.h">
      <Filter>Header Files\Engine\Components</Filter>
    </ClInclude>
    <ClInclude Include="SimpleShape.h">
      <Filter>Header Files\Engine\Components</Filter>
    </ClInclude>
    <ClInclude Include="Component.h">
      <Filter>Header Files\Engine\Components</Filter>
    </ClInclude>
    <ClInclude Include="Vector2D.h">
      <Filter>Header Files\Engine\Func</Filter>
    </ClInclude>
    <ClInclude Include="Transform.h">
      <Filter>Header Files\Engine\Func\Transform</Filter>
    </ClInclude>
    <ClInclude Include="Position.h">
      <Filter>Header Files\Engine\Func\Transform</Filter>
    </ClInclude>
    <ClInclude Include="Ray.h">
      <Filter>Header Files\Engine\Physics</Filter>
    </ClInclude>
    <ClInclude Include="Collision.h">
      <Filter>Header Files\Engine\Physics</Filter>
    </ClInclude>
    <ClInclude Include="Properties.h">
      <Filter>Header Files\Engine</Filter>
    </ClInclude>
    <ClInclude Include="MapManager.h">
      <Filter>Header Files\Engine</Filter>
    </ClInclude>
    <ClInclude Include="PhysicsHandle.h">
      <Filter>Header Files\Engine\Physics</Filter>
    </ClInclude>
    <ClInclude Include="Physics.h">
      <Filter>Header Files\Engine\Physics</Filter>
    </ClInclude>
    <ClInclude Include="Object.h">
      <Filter>Header Files\Engine\Object</Filter>
    </ClInclude>
    <ClInclude Include="GameObject.h">
      <Filter>Header Files\Engine\Object</Filter>
    </ClInclude>
    <ClInclude Include="Layer.h">
      <Filter>Header Files\Engine\Object</Filter>
    </ClInclude>
    <ClInclude Include="Actor.h">
      <Filter>Header Files\Engine\Object\Spawnable</Filter>
    </ClInclude>
    <ClInclude Include="Debug.h">
      <Filter>Header Files\Engine\Debug</Filter>
    </ClInclude>
  </ItemGroup>
</Project>