<?xml version="1.0" encoding="utf-8"?>
<Project ToolsVersion="4.0" xmlns="http://schemas.microsoft.com/developer/msbuild/2003">
  <ItemGroup>
    <Filter Include="Source Files">
      <UniqueIdentifier>{4FC737F1-C7A5-4376-A066-2A32D752A2FF}</UniqueIdentifier>
      <Extensions>cpp;c;cc;cxx;def;odl;idl;hpj;bat;asm;asmx</Extensions>
    </Filter>
    <Filter Include="Header Files">
      <UniqueIdentifier>{93995380-89BD-4b04-88EB-625FBE52EBFB}</UniqueIdentifier>
      <Extensions>h;hh;hpp;hxx;hm;inl;inc;xsd</Extensions>
    </Filter>
    <Filter Include="Header Files\Engine">
      <UniqueIdentifier>{118d87fa-a522-49fb-a83f-620f074be127}</UniqueIdentifier>
    </Filter>
    <Filter Include="Source Files\Engine">
      <UniqueIdentifier>{af5a0928-c74e-419c-9096-88d74a402e60}</UniqueIdentifier>
    </Filter>
    <Filter Include="Source Files\G1Game">
      <UniqueIdentifier>{268b4cf0-adf0-4b28-bad2-007799a63edc}</UniqueIdentifier>
    </Filter>
    <Filter Include="Header Files\Engine\Physics">
      <UniqueIdentifier>{b8222c37-7a50-4e37-8417-cdc906e8385c}</UniqueIdentifier>
    </Filter>
    <Filter Include="Source Files\Engine\Physics">
      <UniqueIdentifier>{bffdac88-a3dc-40a4-9d94-164315ab494f}</UniqueIdentifier>
    </Filter>
    <Filter Include="Source Files\Engine\Object">
      <UniqueIdentifier>{cda52278-316a-4562-a43d-8f41b79cc774}</UniqueIdentifier>
    </Filter>
    <Filter Include="Header Files\Engine\Object">
      <UniqueIdentifier>{1c83f6fb-d955-4939-887c-6f4ed04b1991}</UniqueIdentifier>
    </Filter>
    <Filter Include="Header Files\Engine\Debug">
      <UniqueIdentifier>{e494ca76-c7fb-46e2-83c2-b185cdc67382}</UniqueIdentifier>
    </Filter>
    <Filter Include="Source Files\Engine\Debug">
      <UniqueIdentifier>{402ad369-2719-4b88-aed4-b06f9c6b56ff}</UniqueIdentifier>
    </Filter>
    <Filter Include="Header Files\Engine\Config">
      <UniqueIdentifier>{046befac-efc1-4dab-98bc-0e900a1fa55b}</UniqueIdentifier>
    </Filter>
    <Filter Include="Source Files\Engine\Config">
      <UniqueIdentifier>{a3e974dc-5595-4345-97fa-1867e1c059cf}</UniqueIdentifier>
    </Filter>
    <Filter Include="Resource Files">
      <UniqueIdentifier>{67DA6AB6-F800-4c08-8B7A-83BB121AAD01}</UniqueIdentifier>
      <Extensions>rc;ico;cur;bmp;dlg;rc2;rct;bin;rgs;gif;jpg;jpeg;jpe;resx;tiff;tif;png;wav;mfcribbon-ms</Extensions>
    </Filter>
    <Filter Include="Header Files\G1Game">
      <UniqueIdentifier>{cf59c373-3e0d-4ef3-afb7-ee6ee1108322}</UniqueIdentifier>
    </Filter>
    <Filter Include="Header Files\Engine\GMath">
      <UniqueIdentifier>{8d0e8208-626f-4cfa-ba74-3302a0b12bc0}</UniqueIdentifier>
    </Filter>
    <Filter Include="Header Files\Engine\GMath\Transform">
      <UniqueIdentifier>{16a89ecd-a08f-4fe3-9041-692acf42bf5c}</UniqueIdentifier>
    </Filter>
    <Filter Include="Source Files\Engine\GMath">
      <UniqueIdentifier>{a5561984-3ff3-4130-b743-daac9d1233e1}</UniqueIdentifier>
    </Filter>
    <Filter Include="Header Files\Engine\Rendering">
      <UniqueIdentifier>{195a1dc6-e559-4742-b848-475ee3850c2c}</UniqueIdentifier>
    </Filter>
    <Filter Include="Header Files\Engine\Map">
      <UniqueIdentifier>{df8b11ba-8374-455d-b799-b9038ec81fce}</UniqueIdentifier>
    </Filter>
    <Filter Include="Source Files\Engine\Rendering">
      <UniqueIdentifier>{7d7bc45a-75c5-4ad5-8486-8917a7abb408}</UniqueIdentifier>
    </Filter>
    <Filter Include="Source Files\Engine\Map">
      <UniqueIdentifier>{b396d0cf-4179-469e-a09f-2c3380340e7a}</UniqueIdentifier>
    </Filter>
    <Filter Include="Source Files\Engine\Physics\Overlap">
      <UniqueIdentifier>{929e1179-e228-4251-a34d-8fde2e335347}</UniqueIdentifier>
    </Filter>
    <Filter Include="Header Files\Engine\Physics\Overlap">
      <UniqueIdentifier>{ead24288-5845-41c6-ac1b-822a1e11e7fa}</UniqueIdentifier>
    </Filter>
    <Filter Include="Source Files\Engine\Physics\CalculatingCollision">
      <UniqueIdentifier>{a325bf8c-cac1-4036-9367-19a5da4c4b80}</UniqueIdentifier>
    </Filter>
    <Filter Include="Source Files\Engine\Physics\CalculatingCollision\Collision">
      <UniqueIdentifier>{b3fee5e4-a8c5-4195-ae6d-8b257cf494bb}</UniqueIdentifier>
    </Filter>
    <Filter Include="Header Files\Engine\Physics\CalculatingCollision">
      <UniqueIdentifier>{de85c16f-7cdf-4da6-bb4e-08b373688089}</UniqueIdentifier>
    </Filter>
    <Filter Include="Header Files\Engine\Physics\CalculatingCollision\Collision">
      <UniqueIdentifier>{35e3b574-6cc5-4f76-abe7-1486d556275c}</UniqueIdentifier>
    </Filter>
    <Filter Include="Source Files\G1Game\Maps">
      <UniqueIdentifier>{e4166e47-12ea-4613-a4c8-aa9b80c6acaf}</UniqueIdentifier>
    </Filter>
    <Filter Include="Header Files\G1Game\Maps">
      <UniqueIdentifier>{ce10a441-fd06-439b-a205-f490206dc644}</UniqueIdentifier>
    </Filter>
    <Filter Include="Header Files\Engine\Rendering\Animation">
      <UniqueIdentifier>{2899a624-a07a-4f26-b241-e4361d7649f6}</UniqueIdentifier>
    </Filter>
    <Filter Include="Source Files\G1Game\Animation">
      <UniqueIdentifier>{33586fbf-b75a-47e5-9e7c-58ece39e15e3}</UniqueIdentifier>
    </Filter>
    <Filter Include="Header Files\G1Game\Animation">
      <UniqueIdentifier>{5c5f412a-3f1f-4535-aa17-24c30ddb0045}</UniqueIdentifier>
    </Filter>
    <Filter Include="Source Files\G1Game\GameObjects">
      <UniqueIdentifier>{a83c2b53-2cb5-4dfc-989f-285204af5d37}</UniqueIdentifier>
    </Filter>
    <Filter Include="Header Files\G1Game\GameObjects">
      <UniqueIdentifier>{f15ca24f-5b02-40ef-9bb4-e4a9fbcf0a39}</UniqueIdentifier>
    </Filter>
    <Filter Include="Source Files\Engine\Rendering\Renderers">
      <UniqueIdentifier>{d526fd2b-5e87-4c57-a6aa-b8790f676b73}</UniqueIdentifier>
    </Filter>
    <Filter Include="Source Files\Engine\Rendering\Animation">
      <UniqueIdentifier>{378b5b5e-d134-4bed-90f7-ca584525bd94}</UniqueIdentifier>
    </Filter>
    <Filter Include="Header Files\Engine\Rendering\Renderers">
      <UniqueIdentifier>{130696f7-8985-40bc-b3ce-056d58e04d44}</UniqueIdentifier>
    </Filter>
    <Filter Include="Source Files\Engine\Physics\Colliders">
      <UniqueIdentifier>{313b2093-0367-41ae-a72e-467d22300c4e}</UniqueIdentifier>
    </Filter>
    <Filter Include="Header Files\Engine\Physics\Colliders">
      <UniqueIdentifier>{5323203b-eed3-44ea-a294-80a3d7733e4b}</UniqueIdentifier>
    </Filter>
    <Filter Include="Header Files\Engine\Audio">
      <UniqueIdentifier>{e0fd7c39-8b8b-402b-9e6e-a78d02cf0a61}</UniqueIdentifier>
    </Filter>
    <Filter Include="Source Files\Engine\Audio">
      <UniqueIdentifier>{255347e8-72d7-4f15-a977-29178da65d03}</UniqueIdentifier>
    </Filter>
    <Filter Include="Header Files\Engine\Assets">
      <UniqueIdentifier>{27da17c6-7e05-4de8-9a9e-c7eae02f1f52}</UniqueIdentifier>
    </Filter>
    <Filter Include="Source Files\Engine\Assets">
      <UniqueIdentifier>{e2749315-6fe0-4103-805e-6c5404797304}</UniqueIdentifier>
    </Filter>
    <Filter Include="Source Files\Prefabs">
      <UniqueIdentifier>{73cb860c-633e-43c1-a012-b1fbe458eb99}</UniqueIdentifier>
    </Filter>
    <Filter Include="Header Files\Prefabs">
      <UniqueIdentifier>{05cd9a3a-5b2f-4a27-b551-9edffdd89234}</UniqueIdentifier>
    </Filter>
    <Filter Include="Header Files\Prefabs\MapCreation">
      <UniqueIdentifier>{48680c31-f8f4-4ba3-b2af-cce5728b7f02}</UniqueIdentifier>
    </Filter>
    <Filter Include="Source Files\Prefabs\MapCreation">
      <UniqueIdentifier>{a8eac605-a06a-4599-b90d-930c99d245a3}</UniqueIdentifier>
    </Filter>
    <Filter Include="Source Files\Prefabs\MapCreation\Tiles">
      <UniqueIdentifier>{3cf893f1-768d-4e95-acd0-a3445d7b7c59}</UniqueIdentifier>
    </Filter>
    <Filter Include="Header Files\Engine\Physics\CalculatingCollision\Collision\PositionPerfect">
      <UniqueIdentifier>{3fed2dc0-c2a0-472f-b57a-fe738017f353}</UniqueIdentifier>
    </Filter>
    <Filter Include="Header Files\Engine\Physics\CalculatingCollision\Collision\Resolution">
      <UniqueIdentifier>{b3b64642-0b9c-426d-9b4a-4aa24634d27e}</UniqueIdentifier>
    </Filter>
    <Filter Include="Source Files\Engine\Physics\CalculatingCollision\Collision\PositionPerfect">
      <UniqueIdentifier>{69bc73c5-9a8e-4f9c-982d-a083d3afb13c}</UniqueIdentifier>
    </Filter>
    <Filter Include="Source Files\Engine\Physics\CalculatingCollision\Collision\Resolution">
      <UniqueIdentifier>{f3b313a6-7ce3-4ca5-b12f-dd0a568d67a6}</UniqueIdentifier>
    </Filter>
    <Filter Include="Header Files\Engine\Rendering\Layout">
      <UniqueIdentifier>{4970f42b-9549-4973-babf-dfabb6c6ed88}</UniqueIdentifier>
    </Filter>
    <Filter Include="Header Files\G1Game\UI">
      <UniqueIdentifier>{5d971fa5-e956-4acf-9a0c-3f3fcd785c45}</UniqueIdentifier>
    </Filter>
    <Filter Include="Source Files\Engine\UI">
      <UniqueIdentifier>{c0959571-041b-4106-8f82-b97ce8c5df8f}</UniqueIdentifier>
    </Filter>
    <Filter Include="Header Files\Engine\Map\XmlLoader">
      <UniqueIdentifier>{8cc7fc1e-f522-4185-86d5-d6ac8baf18b7}</UniqueIdentifier>
    </Filter>
  </ItemGroup>
  <ItemGroup>
    <ClCompile Include="Engine.cpp">
      <Filter>Source Files\Engine</Filter>
    </ClCompile>
    <ClCompile Include="main.cpp">
      <Filter>Source Files</Filter>
    </ClCompile>
    <ClCompile Include="MathFunctions.cpp">
      <Filter>Source Files\Engine\GMath</Filter>
    </ClCompile>
    <ClCompile Include="Debug.cpp">
      <Filter>Source Files\Engine\Debug</Filter>
    </ClCompile>
    <ClCompile Include="Properties.cpp">
      <Filter>Source Files\Engine\Config</Filter>
    </ClCompile>
    <ClCompile Include="ControlInput.cpp">
      <Filter>Source Files\Engine\Config</Filter>
    </ClCompile>
    <ClCompile Include="GameObject.cpp">
      <Filter>Source Files\Engine\Object</Filter>
    </ClCompile>
    <ClCompile Include="RenderManager.cpp">
      <Filter>Source Files\Engine\Rendering</Filter>
    </ClCompile>
    <ClCompile Include="Circle.cpp">
      <Filter>Source Files\Engine\GMath</Filter>
    </ClCompile>
    <ClCompile Include="Rectangle.cpp">
      <Filter>Source Files\Engine\GMath</Filter>
    </ClCompile>
    <ClCompile Include="SimpleShape.cpp">
      <Filter>Source Files\Engine\GMath</Filter>
    </ClCompile>
    <ClCompile Include="Vector2.cpp">
      <Filter>Source Files\Engine\GMath</Filter>
    </ClCompile>
    <ClCompile Include="MapManager.cpp">
      <Filter>Source Files\Engine\Map</Filter>
    </ClCompile>
    <ClCompile Include="GameMap.cpp">
      <Filter>Source Files\Engine\Map</Filter>
    </ClCompile>
    <ClCompile Include="Time.cpp">
      <Filter>Source Files\Engine\GMath</Filter>
    </ClCompile>
    <ClCompile Include="GameObjectsData.cpp">
      <Filter>Source Files\Engine\Object</Filter>
    </ClCompile>
    <ClCompile Include="PhysicsManager.cpp">
      <Filter>Source Files\Engine\Physics</Filter>
    </ClCompile>
    <ClCompile Include="CollisionDetection.cpp">
      <Filter>Source Files\Engine\Physics</Filter>
    </ClCompile>
    <ClCompile Include="Collider.cpp">
      <Filter>Source Files\Engine\Physics\Colliders</Filter>
    </ClCompile>
    <ClCompile Include="OverlapingGameObjectsStates.cpp">
      <Filter>Source Files\Engine\Physics</Filter>
    </ClCompile>
    <ClCompile Include="CircleCollider.cpp">
      <Filter>Source Files\Engine\Physics\Colliders</Filter>
    </ClCompile>
    <ClCompile Include="RectangleCollider.cpp">
      <Filter>Source Files\Engine\Physics\Colliders</Filter>
    </ClCompile>
    <ClCompile Include="RectangleOverlapsRectangle.cpp">
      <Filter>Source Files\Engine\Physics\Overlap</Filter>
    </ClCompile>
    <ClCompile Include="CircleOverlapsRectangle.cpp">
      <Filter>Source Files\Engine\Physics\Overlap</Filter>
    </ClCompile>
    <ClCompile Include="CircleOverlapsCircle.cpp">
      <Filter>Source Files\Engine\Physics\Overlap</Filter>
    </ClCompile>
    <ClCompile Include="Overlapping.cpp">
      <Filter>Source Files\Engine\Physics\Overlap</Filter>
    </ClCompile>
    <ClCompile Include="CollisionCalculation.cpp">
      <Filter>Source Files\Engine\Physics\CalculatingCollision</Filter>
    </ClCompile>
    <ClCompile Include="Collision.cpp">
      <Filter>Source Files\Engine\Physics\CalculatingCollision\Collision</Filter>
    </ClCompile>
    <ClCompile Include="Segment.cpp">
      <Filter>Source Files\Engine\GMath</Filter>
    </ClCompile>
    <ClCompile Include="Map001.cpp">
      <Filter>Source Files\G1Game\Maps</Filter>
    </ClCompile>
    <ClCompile Include="MapPlatformer01.cpp">
      <Filter>Source Files\G1Game\Maps</Filter>
    </ClCompile>
    <ClCompile Include="Physics.cpp">
      <Filter>Source Files\Engine\Physics</Filter>
    </ClCompile>
    <ClCompile Include="Background.cpp">
      <Filter>Source Files\G1Game\GameObjects</Filter>
    </ClCompile>
    <ClCompile Include="GameObject001.cpp">
      <Filter>Source Files\G1Game\GameObjects</Filter>
    </ClCompile>
    <ClCompile Include="GameObject002_Bullet.cpp">
      <Filter>Source Files\G1Game\GameObjects</Filter>
    </ClCompile>
    <ClCompile Include="GameObject003_wall.cpp">
      <Filter>Source Files\G1Game\GameObjects</Filter>
    </ClCompile>
    <ClCompile Include="GameObject004_CircleWall.cpp">
      <Filter>Source Files\G1Game\GameObjects</Filter>
    </ClCompile>
    <ClCompile Include="Ground01.cpp">
      <Filter>Source Files\G1Game\GameObjects</Filter>
    </ClCompile>
    <ClCompile Include="PlatformerPlayer.cpp">
      <Filter>Source Files\G1Game\GameObjects</Filter>
    </ClCompile>
    <ClCompile Include="Camera.cpp">
      <Filter>Source Files\Engine\Rendering</Filter>
    </ClCompile>
    <ClCompile Include="CircleRenderer.cpp">
      <Filter>Source Files\Engine\Rendering\Renderers</Filter>
    </ClCompile>
    <ClCompile Include="Renderer.cpp">
      <Filter>Source Files\Engine\Rendering\Renderers</Filter>
    </ClCompile>
    <ClCompile Include="RectangleRenderer.cpp">
      <Filter>Source Files\Engine\Rendering\Renderers</Filter>
    </ClCompile>
    <ClCompile Include="Rigidbody.cpp">
      <Filter>Source Files\Engine\Physics</Filter>
    </ClCompile>
    <ClCompile Include="Transformable.cpp">
      <Filter>Source Files\Engine\Object</Filter>
    </ClCompile>
    <ClCompile Include="Component.cpp">
      <Filter>Source Files\Engine\Object</Filter>
    </ClCompile>
    <ClCompile Include="Sprite.cpp">
      <Filter>Source Files\Engine\Rendering\Renderers</Filter>
    </ClCompile>
    <ClCompile Include="Animator.cpp">
      <Filter>Source Files\Engine\Rendering\Animation</Filter>
    </ClCompile>
    <ClCompile Include="SpriteAnimation.cpp">
      <Filter>Source Files\Engine\Rendering\Animation</Filter>
    </ClCompile>
    <ClCompile Include="ExamplePlatformerGame.cpp">
      <Filter>Source Files\G1Game</Filter>
    </ClCompile>
    <ClCompile Include="Audio.cpp">
      <Filter>Source Files\Engine\Audio</Filter>
    </ClCompile>
    <ClCompile Include="Assets.cpp">
      <Filter>Source Files\Engine\Assets</Filter>
    </ClCompile>
    <ClCompile Include="MapTileProperties.cpp">
      <Filter>Source Files\Prefabs\MapCreation\Tiles</Filter>
    </ClCompile>
    <ClCompile Include="MapTile1.cpp">
      <Filter>Source Files\Prefabs\MapCreation\Tiles</Filter>
    </ClCompile>
    <ClCompile Include="MapTile9.cpp">
      <Filter>Source Files\Prefabs\MapCreation\Tiles</Filter>
    </ClCompile>
    <ClCompile Include="Ladder.cpp">
      <Filter>Source Files\G1Game\GameObjects</Filter>
    </ClCompile>
    <ClCompile Include="RigidbodyPhysics.cpp">
      <Filter>Source Files\Engine\Physics</Filter>
    </ClCompile>
    <ClCompile Include="CircleCollidesCircle.cpp">
      <Filter>Source Files\Engine\Physics\CalculatingCollision\Collision\PositionPerfect</Filter>
    </ClCompile>
    <ClCompile Include="RectangleCollidesRectangle.cpp">
      <Filter>Source Files\Engine\Physics\CalculatingCollision\Collision\PositionPerfect</Filter>
    </ClCompile>
    <ClCompile Include="CircleCollidesRectangle.cpp">
      <Filter>Source Files\Engine\Physics\CalculatingCollision\Collision\PositionPerfect</Filter>
    </ClCompile>
    <ClCompile Include="MapTileLadder.cpp">
      <Filter>Source Files\Prefabs\MapCreation\Tiles</Filter>
    </ClCompile>
    <ClCompile Include="MyUI.cpp">
      <Filter>Source Files\G1Game</Filter>
    </ClCompile>
    <ClCompile Include="ContainerElement.cpp">
      <Filter>Source Files</Filter>
    </ClCompile>
    <ClCompile Include="Parentable.cpp">
      <Filter>Source Files\Engine\Object</Filter>
    </ClCompile>
    <ClCompile Include="RenderProperties.cpp">
      <Filter>Source Files\Engine\Rendering</Filter>
    </ClCompile>
    <ClCompile Include="UiImage.cpp">
      <Filter>Source Files\Engine\UI</Filter>
    </ClCompile>
    <ClCompile Include="Container.cpp">
      <Filter>Source Files\Engine\UI</Filter>
    </ClCompile>
  </ItemGroup>
  <ItemGroup>
    <ClInclude Include="Engine.h">
      <Filter>Header Files\Engine</Filter>
    </ClInclude>
    <ClInclude Include="MathFunctions.h">
      <Filter>Header Files\Engine\GMath</Filter>
    </ClInclude>
    <ClInclude Include="Transform.h">
      <Filter>Header Files\Engine\GMath\Transform</Filter>
    </ClInclude>
    <ClInclude Include="Layer.h">
      <Filter>Header Files\Engine\Object</Filter>
    </ClInclude>
    <ClInclude Include="Debug.h">
      <Filter>Header Files\Engine\Debug</Filter>
    </ClInclude>
    <ClInclude Include="ControlInput.h">
      <Filter>Header Files\Engine\Config</Filter>
    </ClInclude>
    <ClInclude Include="Properties.h">
      <Filter>Header Files\Engine\Config</Filter>
    </ClInclude>
    <ClInclude Include="GameObject.h">
      <Filter>Header Files\Engine\Object</Filter>
    </ClInclude>
    <ClInclude Include="MapManager.h">
      <Filter>Header Files\Engine\Map</Filter>
    </ClInclude>
    <ClInclude Include="GameMap.h">
      <Filter>Header Files\Engine\Map</Filter>
    </ClInclude>
    <ClInclude Include="RenderManager.h">
      <Filter>Header Files\Engine\Rendering</Filter>
    </ClInclude>
    <ClInclude Include="Circle.h">
      <Filter>Header Files\Engine\GMath</Filter>
    </ClInclude>
    <ClInclude Include="Rectangle.h">
      <Filter>Header Files\Engine\GMath</Filter>
    </ClInclude>
    <ClInclude Include="SimpleShape.h">
      <Filter>Header Files\Engine\GMath</Filter>
    </ClInclude>
    <ClInclude Include="Time.h">
      <Filter>Header Files\Engine\GMath</Filter>
    </ClInclude>
    <ClInclude Include="GameObjectsData.h">
      <Filter>Header Files\Engine\Object</Filter>
    </ClInclude>
    <ClInclude Include="ISpawnable.h">
      <Filter>Header Files\Engine\Object</Filter>
    </ClInclude>
    <ClInclude Include="PhysicsManager.h">
      <Filter>Header Files\Engine\Physics</Filter>
    </ClInclude>
    <ClInclude Include="CollisionDetection.h">
      <Filter>Header Files\Engine\Physics</Filter>
    </ClInclude>
    <ClInclude Include="Collider.h">
      <Filter>Header Files\Engine\Physics\Colliders</Filter>
    </ClInclude>
    <ClInclude Include="OverlapingGameObjectsStates.h">
      <Filter>Header Files\Engine\Physics</Filter>
    </ClInclude>
    <ClInclude Include="RectangleCollider.h">
      <Filter>Header Files\Engine\Physics\Colliders</Filter>
    </ClInclude>
    <ClInclude Include="MathVariables.h">
      <Filter>Header Files\Engine\GMath</Filter>
    </ClInclude>
    <ClInclude Include="CircleOverlapsCircle.h">
      <Filter>Header Files\Engine\Physics\Overlap</Filter>
    </ClInclude>
    <ClInclude Include="CircleOverlapsRectangle.h">
      <Filter>Header Files\Engine\Physics\Overlap</Filter>
    </ClInclude>
    <ClInclude Include="RectangleOverlapsRectangle.h">
      <Filter>Header Files\Engine\Physics\Overlap</Filter>
    </ClInclude>
    <ClInclude Include="Overlapping.h">
      <Filter>Header Files\Engine\Physics\Overlap</Filter>
    </ClInclude>
    <ClInclude Include="OverlappingCheck.h">
      <Filter>Header Files\Engine\Physics\Overlap</Filter>
    </ClInclude>
    <ClInclude Include="CollisionCalculation.h">
      <Filter>Header Files\Engine\Physics\CalculatingCollision</Filter>
    </ClInclude>
    <ClInclude Include="CollisionCheck.h">
      <Filter>Header Files\Engine\Physics\CalculatingCollision</Filter>
    </ClInclude>
    <ClInclude Include="Segment.h">
      <Filter>Header Files\Engine\GMath</Filter>
    </ClInclude>
    <ClInclude Include="Map001.h">
      <Filter>Header Files\G1Game\Maps</Filter>
    </ClInclude>
    <ClInclude Include="MapPlatformer01.h">
      <Filter>Header Files\G1Game\Maps</Filter>
    </ClInclude>
    <ClInclude Include="RigidbodyPhysics.h">
      <Filter>Header Files\Engine\Physics</Filter>
    </ClInclude>
    <ClInclude Include="Physics.h">
      <Filter>Header Files\Engine\Physics</Filter>
    </ClInclude>
    <ClInclude Include="resource.h">
      <Filter>Header Files\Engine\Physics\Colliders</Filter>
    </ClInclude>
    <ClInclude Include="Animator.h">
      <Filter>Header Files\Engine\Rendering\Animation</Filter>
    </ClInclude>
    <ClInclude Include="SpriteAnimation.h">
      <Filter>Header Files\Engine\Rendering\Animation</Filter>
    </ClInclude>
    <ClInclude Include="PlayerAnimator.h">
      <Filter>Header Files\G1Game\Animation</Filter>
    </ClInclude>
    <ClInclude Include="Background.h">
      <Filter>Header Files\G1Game\GameObjects</Filter>
    </ClInclude>
    <ClInclude Include="GameObject001.h">
      <Filter>Header Files\G1Game\GameObjects</Filter>
    </ClInclude>
    <ClInclude Include="GameObject002_Bullet.h">
      <Filter>Header Files\G1Game\GameObjects</Filter>
    </ClInclude>
    <ClInclude Include="GameObject003_wall.h">
      <Filter>Header Files\G1Game\GameObjects</Filter>
    </ClInclude>
    <ClInclude Include="GameObject004_CircleWall.h">
      <Filter>Header Files\G1Game\GameObjects</Filter>
    </ClInclude>
    <ClInclude Include="Ground01.h">
      <Filter>Header Files\G1Game\GameObjects</Filter>
    </ClInclude>
    <ClInclude Include="PlatformerPlayer.h">
      <Filter>Header Files\G1Game\GameObjects</Filter>
    </ClInclude>
    <ClInclude Include="CircleCollider.h">
      <Filter>Header Files\Engine\Physics\Colliders</Filter>
    </ClInclude>
    <ClInclude Include="Camera.h">
      <Filter>Header Files\Engine\Rendering</Filter>
    </ClInclude>
    <ClInclude Include="Rigidbody.h">
      <Filter>Header Files\Engine\Physics</Filter>
    </ClInclude>
    <ClInclude Include="Transformable.h">
      <Filter>Header Files\Engine\Object</Filter>
    </ClInclude>
    <ClInclude Include="Component.h">
      <Filter>Header Files\Engine\Object</Filter>
    </ClInclude>
    <ClInclude Include="Renderer.h">
      <Filter>Header Files\Engine\Rendering\Renderers</Filter>
    </ClInclude>
    <ClInclude Include="CircleRenderer.h">
      <Filter>Header Files\Engine\Rendering\Renderers</Filter>
    </ClInclude>
    <ClInclude Include="RectangleRenderer.h">
      <Filter>Header Files\Engine\Rendering\Renderers</Filter>
    </ClInclude>
    <ClInclude Include="Sprite.h">
      <Filter>Header Files\Engine\Rendering\Renderers</Filter>
    </ClInclude>
    <ClInclude Include="ExamplePlatformerGame.h">
      <Filter>Header Files\G1Game</Filter>
    </ClInclude>
    <ClInclude Include="Audio.h">
      <Filter>Header Files\Engine\Audio</Filter>
    </ClInclude>
    <ClInclude Include="Assets.h">
      <Filter>Header Files\Engine\Assets</Filter>
    </ClInclude>
    <ClInclude Include="Resources.h">
      <Filter>Header Files\Engine\Assets</Filter>
    </ClInclude>
    <ClInclude Include="RenderProperties.h">
      <Filter>Header Files\Engine\Rendering</Filter>
    </ClInclude>
    <ClInclude Include="Vector2.h">
      <Filter>Header Files\Engine\GMath\Transform</Filter>
    </ClInclude>
    <ClInclude Include="MapTileProperties.h">
      <Filter>Header Files\Prefabs\MapCreation</Filter>
    </ClInclude>
    <ClInclude Include="MapTile1.h">
      <Filter>Header Files\Prefabs\MapCreation</Filter>
    </ClInclude>
    <ClInclude Include="MapTile.h">
      <Filter>Header Files\Prefabs\MapCreation</Filter>
    </ClInclude>
    <ClInclude Include="MapTile9.h">
      <Filter>Header Files\Prefabs\MapCreation</Filter>
    </ClInclude>
    <ClInclude Include="DefaultGameMap.h">
      <Filter>Header Files\Engine\Map</Filter>
    </ClInclude>
    <ClInclude Include="EventHandler.h">
      <Filter>Header Files\Engine</Filter>
    </ClInclude>
    <ClInclude Include="ITick.h">
      <Filter>Header Files\Engine\Object</Filter>
    </ClInclude>
    <ClInclude Include="IMainTick.h">
      <Filter>Header Files\Engine\Object</Filter>
    </ClInclude>
    <ClInclude Include="Ladder.h">
      <Filter>Header Files\G1Game\GameObjects</Filter>
    </ClInclude>
    <ClInclude Include="CircleCollidesCircle.h">
      <Filter>Header Files\Engine\Physics\CalculatingCollision\Collision\PositionPerfect</Filter>
    </ClInclude>
    <ClInclude Include="CircleCollidesRectangle.h">
      <Filter>Header Files\Engine\Physics\CalculatingCollision\Collision\PositionPerfect</Filter>
    </ClInclude>
    <ClInclude Include="RectangleCollidesRectangle.h">
      <Filter>Header Files\Engine\Physics\CalculatingCollision\Collision\PositionPerfect</Filter>
    </ClInclude>
    <ClInclude Include="Collision.h">
      <Filter>Header Files\Engine\Physics\CalculatingCollision\Collision</Filter>
    </ClInclude>
    <ClInclude Include="MapTileLadder.h">
      <Filter>Header Files\Prefabs\MapCreation</Filter>
    </ClInclude>
    <ClInclude Include="Container.h">
      <Filter>Header Files\Engine\Rendering\Layout</Filter>
    </ClInclude>
    <ClInclude Include="Parentable.h">
      <Filter>Header Files\Engine\Object</Filter>
    </ClInclude>
    <ClInclude Include="MyUI.h">
      <Filter>Header Files\G1Game\UI</Filter>
    </ClInclude>
    <ClInclude Include="ContainerElement.h">
      <Filter>Header Files\Engine\Rendering\Layout</Filter>
    </ClInclude>
    <ClInclude Include="UiImage.h">
      <Filter>Header Files\G1Game\UI</Filter>
    </ClInclude>
    <ClInclude Include="IFixedTick.h">
      <Filter>Header Files\Engine\Object</Filter>
    </ClInclude>
    <ClInclude Include="IGameObjectTick.h">
      <Filter>Header Files\Engine\Object</Filter>
    </ClInclude>
    <ClInclude Include="TileMap01.h">
      <Filter>Header Files\G1Game\Maps</Filter>
    </ClInclude>
    <ClInclude Include="MapLoader.h">
      <Filter>Header Files\Engine\Map\XmlLoader</Filter>
    </ClInclude>
    <ClInclude Include="IXmlParser.h">
      <Filter>Header Files\Engine\Map\XmlLoader</Filter>
    </ClInclude>
    <ClInclude Include="MapAssetsXmlParser.h">
      <Filter>Header Files\Engine\Map\XmlLoader</Filter>
    </ClInclude>
  </ItemGroup>
</Project>