<?xml version="1.0" encoding="utf-8"?>
<Project ToolsVersion="4.0" xmlns="http://schemas.microsoft.com/developer/msbuild/2003">
  <ItemGroup>
    <Filter Include="Source Files">
      <UniqueIdentifier>{4FC737F1-C7A5-4376-A066-2A32D752A2FF}</UniqueIdentifier>
      <Extensions>cpp;c;cc;cxx;def;odl;idl;hpj;bat;asm;asmx</Extensions>
    </Filter>
    <Filter Include="Header Files">
      <UniqueIdentifier>{93995380-89BD-4b04-88EB-625FBE52EBFB}</UniqueIdentifier>
      <Extensions>h;hh;hpp;hxx;hm;inl;inc;xsd</Extensions>
    </Filter>
    <Filter Include="Header Files\Engine">
      <UniqueIdentifier>{118d87fa-a522-49fb-a83f-620f074be127}</UniqueIdentifier>
    </Filter>
    <Filter Include="Source Files\Engine">
      <UniqueIdentifier>{af5a0928-c74e-419c-9096-88d74a402e60}</UniqueIdentifier>
    </Filter>
    <Filter Include="Source Files\G1Game">
      <UniqueIdentifier>{268b4cf0-adf0-4b28-bad2-007799a63edc}</UniqueIdentifier>
    </Filter>
    <Filter Include="Source Files\Engine\Components">
      <UniqueIdentifier>{e57a7de7-9b98-4be4-94dd-cd673527f7e9}</UniqueIdentifier>
    </Filter>
    <Filter Include="Header Files\Engine\Components">
      <UniqueIdentifier>{8b2de7d8-10a6-4e6f-80a1-18bc134411a2}</UniqueIdentifier>
    </Filter>
    <Filter Include="Header Files\Engine\Physics">
      <UniqueIdentifier>{b8222c37-7a50-4e37-8417-cdc906e8385c}</UniqueIdentifier>
    </Filter>
    <Filter Include="Source Files\Engine\Physics">
      <UniqueIdentifier>{bffdac88-a3dc-40a4-9d94-164315ab494f}</UniqueIdentifier>
    </Filter>
    <Filter Include="Source Files\Engine\Object">
      <UniqueIdentifier>{cda52278-316a-4562-a43d-8f41b79cc774}</UniqueIdentifier>
    </Filter>
    <Filter Include="Header Files\Engine\Object">
      <UniqueIdentifier>{1c83f6fb-d955-4939-887c-6f4ed04b1991}</UniqueIdentifier>
    </Filter>
    <Filter Include="Header Files\Engine\Debug">
      <UniqueIdentifier>{e494ca76-c7fb-46e2-83c2-b185cdc67382}</UniqueIdentifier>
    </Filter>
    <Filter Include="Source Files\Engine\Debug">
      <UniqueIdentifier>{402ad369-2719-4b88-aed4-b06f9c6b56ff}</UniqueIdentifier>
    </Filter>
    <Filter Include="Header Files\Engine\Config">
      <UniqueIdentifier>{046befac-efc1-4dab-98bc-0e900a1fa55b}</UniqueIdentifier>
    </Filter>
    <Filter Include="Source Files\Engine\Config">
      <UniqueIdentifier>{a3e974dc-5595-4345-97fa-1867e1c059cf}</UniqueIdentifier>
    </Filter>
    <Filter Include="Resource Files">
      <UniqueIdentifier>{67DA6AB6-F800-4c08-8B7A-83BB121AAD01}</UniqueIdentifier>
      <Extensions>rc;ico;cur;bmp;dlg;rc2;rct;bin;rgs;gif;jpg;jpeg;jpe;resx;tiff;tif;png;wav;mfcribbon-ms</Extensions>
    </Filter>
    <Filter Include="Header Files\G1Game">
      <UniqueIdentifier>{cf59c373-3e0d-4ef3-afb7-ee6ee1108322}</UniqueIdentifier>
    </Filter>
    <Filter Include="Source Files\Engine\Components\Collider">
      <UniqueIdentifier>{313b2093-0367-41ae-a72e-467d22300c4e}</UniqueIdentifier>
    </Filter>
    <Filter Include="Header Files\Engine\Components\Collider">
      <UniqueIdentifier>{5323203b-eed3-44ea-a294-80a3d7733e4b}</UniqueIdentifier>
    </Filter>
    <Filter Include="Header Files\Engine\GMath">
      <UniqueIdentifier>{8d0e8208-626f-4cfa-ba74-3302a0b12bc0}</UniqueIdentifier>
    </Filter>
    <Filter Include="Header Files\Engine\GMath\Transform">
      <UniqueIdentifier>{16a89ecd-a08f-4fe3-9041-692acf42bf5c}</UniqueIdentifier>
    </Filter>
    <Filter Include="Source Files\Engine\GMath">
      <UniqueIdentifier>{a5561984-3ff3-4130-b743-daac9d1233e1}</UniqueIdentifier>
    </Filter>
    <Filter Include="Header Files\Engine\Rendering">
      <UniqueIdentifier>{195a1dc6-e559-4742-b848-475ee3850c2c}</UniqueIdentifier>
    </Filter>
    <Filter Include="Header Files\Engine\Map">
      <UniqueIdentifier>{df8b11ba-8374-455d-b799-b9038ec81fce}</UniqueIdentifier>
    </Filter>
    <Filter Include="Source Files\Engine\Rendering">
      <UniqueIdentifier>{7d7bc45a-75c5-4ad5-8486-8917a7abb408}</UniqueIdentifier>
    </Filter>
    <Filter Include="Source Files\Engine\Map">
      <UniqueIdentifier>{b396d0cf-4179-469e-a09f-2c3380340e7a}</UniqueIdentifier>
    </Filter>
  </ItemGroup>
  <ItemGroup>
    <ClCompile Include="Engine.cpp">
      <Filter>Source Files\Engine</Filter>
    </ClCompile>
    <ClCompile Include="main.cpp">
      <Filter>Source Files</Filter>
    </ClCompile>
    <ClCompile Include="MathFunctions.cpp">
      <Filter>Source Files\Engine\GMath</Filter>
    </ClCompile>
    <ClCompile Include="Component.cpp">
      <Filter>Source Files\Engine\Components</Filter>
    </ClCompile>
    <ClCompile Include="Debug.cpp">
      <Filter>Source Files\Engine\Debug</Filter>
    </ClCompile>
    <ClCompile Include="Properties.cpp">
      <Filter>Source Files\Engine\Config</Filter>
    </ClCompile>
    <ClCompile Include="ControlInput.cpp">
      <Filter>Source Files\Engine\Config</Filter>
    </ClCompile>
    <ClCompile Include="GameObject.cpp">
      <Filter>Source Files\Engine\Object</Filter>
    </ClCompile>
    <ClCompile Include="CollisionCircle.cpp">
      <Filter>Source Files\Engine\Components\Collider</Filter>
    </ClCompile>
    <ClCompile Include="CollisionRectangle.cpp">
      <Filter>Source Files\Engine\Components\Collider</Filter>
    </ClCompile>
    <ClCompile Include="Collision.cpp">
      <Filter>Source Files\Engine\Components\Collider</Filter>
    </ClCompile>
    <ClCompile Include="RenderManager.cpp">
      <Filter>Source Files\Engine\Rendering</Filter>
    </ClCompile>
    <ClCompile Include="Circle.cpp">
      <Filter>Source Files\Engine\GMath</Filter>
    </ClCompile>
    <ClCompile Include="Rectangle.cpp">
      <Filter>Source Files\Engine\GMath</Filter>
    </ClCompile>
    <ClCompile Include="SimpleShape.cpp">
      <Filter>Source Files\Engine\GMath</Filter>
    </ClCompile>
    <ClCompile Include="CircleRenderer.cpp">
      <Filter>Source Files\Engine\Rendering</Filter>
    </ClCompile>
    <ClCompile Include="RectangleRenderer.cpp">
      <Filter>Source Files\Engine\Rendering</Filter>
    </ClCompile>
    <ClCompile Include="Renderer.cpp">
      <Filter>Source Files\Engine\Rendering</Filter>
    </ClCompile>
    <ClCompile Include="Vector2.cpp">
      <Filter>Source Files\Engine\GMath</Filter>
    </ClCompile>
    <ClCompile Include="Map001.cpp">
      <Filter>Source Files\G1Game</Filter>
    </ClCompile>
    <ClCompile Include="GameObject001.cpp">
      <Filter>Source Files\G1Game</Filter>
    </ClCompile>
    <ClCompile Include="MapManager.cpp">
      <Filter>Source Files\Engine\Map</Filter>
    </ClCompile>
    <ClCompile Include="GameMap.cpp">
      <Filter>Source Files\Engine\Map</Filter>
    </ClCompile>
    <ClCompile Include="Time.cpp">
      <Filter>Source Files\Engine\GMath</Filter>
    </ClCompile>
  </ItemGroup>
  <ItemGroup>
    <ClInclude Include="Engine.h">
      <Filter>Header Files\Engine</Filter>
    </ClInclude>
    <ClInclude Include="MathFunctions.h">
      <Filter>Header Files\Engine\GMath</Filter>
    </ClInclude>
    <ClInclude Include="Component.h">
      <Filter>Header Files\Engine\Components</Filter>
    </ClInclude>
    <ClInclude Include="Transform.h">
      <Filter>Header Files\Engine\GMath\Transform</Filter>
    </ClInclude>
    <ClInclude Include="Position.h">
      <Filter>Header Files\Engine\GMath\Transform</Filter>
    </ClInclude>
    <ClInclude Include="Layer.h">
      <Filter>Header Files\Engine\Object</Filter>
    </ClInclude>
    <ClInclude Include="Debug.h">
      <Filter>Header Files\Engine\Debug</Filter>
    </ClInclude>
    <ClInclude Include="ControlInput.h">
      <Filter>Header Files\Engine\Config</Filter>
    </ClInclude>
    <ClInclude Include="Properties.h">
      <Filter>Header Files\Engine\Config</Filter>
    </ClInclude>
    <ClInclude Include="MathVariables.h">
      <Filter>Header Files\Engine\GMath\Transform</Filter>
    </ClInclude>
    <ClInclude Include="GameObject.h">
      <Filter>Header Files\Engine\Object</Filter>
    </ClInclude>
    <ClInclude Include="CollisionRectangle.h">
      <Filter>Header Files\Engine\Components\Collider</Filter>
    </ClInclude>
    <ClInclude Include="CollisionCircle.h">
      <Filter>Header Files\Engine\Components\Collider</Filter>
    </ClInclude>
    <ClInclude Include="IGameObject.h">
      <Filter>Header Files\Engine\Object</Filter>
    </ClInclude>
    <ClInclude Include="Collision.h">
      <Filter>Header Files\Engine\Components\Collider</Filter>
    </ClInclude>
    <ClInclude Include="MapManager.h">
      <Filter>Header Files\Engine\Map</Filter>
    </ClInclude>
    <ClInclude Include="GameMap.h">
      <Filter>Header Files\Engine\Map</Filter>
    </ClInclude>
    <ClInclude Include="RenderManager.h">
      <Filter>Header Files\Engine\Rendering</Filter>
    </ClInclude>
    <ClInclude Include="Circle.h">
      <Filter>Header Files\Engine\GMath</Filter>
    </ClInclude>
    <ClInclude Include="Rectangle.h">
      <Filter>Header Files\Engine\GMath</Filter>
    </ClInclude>
    <ClInclude Include="SimpleShape.h">
      <Filter>Header Files\Engine\GMath</Filter>
    </ClInclude>
    <ClInclude Include="RectangleRenderer.h">
      <Filter>Header Files\Engine\Rendering</Filter>
    </ClInclude>
    <ClInclude Include="CircleRenderer.h">
      <Filter>Header Files\Engine\Rendering</Filter>
    </ClInclude>
    <ClInclude Include="Renderer.h">
      <Filter>Header Files\Engine\Rendering</Filter>
    </ClInclude>
    <ClInclude Include="Vector2.h">
      <Filter>Header Files\Engine\GMath</Filter>
    </ClInclude>
    <ClInclude Include="Map001.h">
      <Filter>Header Files\G1Game</Filter>
    </ClInclude>
    <ClInclude Include="GameObject001.h">
      <Filter>Header Files\G1Game</Filter>
    </ClInclude>
    <ClInclude Include="Time.h">
      <Filter>Header Files\Engine\GMath</Filter>
    </ClInclude>
  </ItemGroup>
</Project>